
Microsoft Visual Studio Solution File, Format Version 12.00
# Visual Studio Version 17
VisualStudioVersion = 17.14.36202.13 d17.14
MinimumVisualStudioVersion = 10.0.40219.1
Project("{FAE04EC0-301F-11D3-BF4B-00C04F79EFBC}") = "KnowledgeGraphWebApi", "KnowledgeGraphWebApi\KnowledgeGraphWebApi.csproj", "{A5AFC69E-AA4F-4A97-BAB2-2C228A86ECCF}"
EndProject
Global
	GlobalSection(SolutionConfigurationPlatforms) = preSolution
		Debug|Any CPU = Debug|Any CPU
		Release|Any CPU = Release|Any CPU
	EndGlobalSection
	GlobalSection(ProjectConfigurationPlatforms) = postSolution
		{A5AFC69E-AA4F-4A97-BAB2-2C228A86ECCF}.Debug|Any CPU.ActiveCfg = Debug|Any CPU
		{A5AFC69E-AA4F-4A97-BAB2-2C228A86ECCF}.Debug|Any CPU.Build.0 = Debug|Any CPU
		{A5AFC69E-AA4F-4A97-BAB2-2C228A86ECCF}.Release|Any CPU.ActiveCfg = Release|Any CPU
		{A5AFC69E-AA4F-4A97-BAB2-2C228A86ECCF}.Release|Any CPU.Build.0 = Release|Any CPU
	EndGlobalSection
	GlobalSection(SolutionProperties) = preSolution
		HideSolutionNode = FALSE
	EndGlobalSection
	GlobalSection(ExtensibilityGlobals) = postSolution
		SolutionGuid = {6909D7BA-80B1-414A-B941-B9F4CF882A5C}
	EndGlobalSection
EndGlobal
